// !$*UTF8*$!
{
	archiveVersion = 1;
	classes = {
	};
	objectVersion = 46;
	objects = {

/* Begin PBXBuildFile section */
		6B11E4B31AC7342A00EDCC97 /* orderHandling.swift in Sources */ = {isa = PBXBuildFile; fileRef = 6B11E4B21AC7342A00EDCC97 /* orderHandling.swift */; };
		6B6E33BF1A926A8800089FCA /* AppDelegate.swift in Sources */ = {isa = PBXBuildFile; fileRef = 6B6E33BE1A926A8800089FCA /* AppDelegate.swift */; };
		6B6E33C11A926A8800089FCA /* Images.xcassets in Resources */ = {isa = PBXBuildFile; fileRef = 6B6E33C01A926A8800089FCA /* Images.xcassets */; };
		6B6E33C41A926A8800089FCA /* MainMenu.xib in Resources */ = {isa = PBXBuildFile; fileRef = 6B6E33C21A926A8800089FCA /* MainMenu.xib */; };
		6B6E33D01A926A8800089FCA /* FibiPHITests.swift in Sources */ = {isa = PBXBuildFile; fileRef = 6B6E33CF1A926A8800089FCA /* FibiPHITests.swift */; };
		6B6E33DA1A926AD500089FCA /* DasFibonacciSequence.swift in Sources */ = {isa = PBXBuildFile; fileRef = 6B6E33D91A926AD500089FCA /* DasFibonacciSequence.swift */; };
		6B6E33DC1A926B3300089FCA /* DasFibGraphView.swift in Sources */ = {isa = PBXBuildFile; fileRef = 6B6E33DB1A926B3300089FCA /* DasFibGraphView.swift */; };
		EE0983731C4B22140070B7CE /* FibonnaciSequence as data Source.swift in Sources */ = {isa = PBXBuildFile; fileRef = EE0983721C4B22140070B7CE /* FibonnaciSequence as data Source.swift */; };
		EE0983741C4B246D0070B7CE /* DasFibonacciSequence.swift in Sources */ = {isa = PBXBuildFile; fileRef = 6B6E33D91A926AD500089FCA /* DasFibonacciSequence.swift */; };
		EE1CD9831C6FBA440060E27C /* docs in Resources */ = {isa = PBXBuildFile; fileRef = EE1CD9821C6FBA440060E27C /* docs */; };
		EE3E02461C6F0BBB0005FB64 /* graph view external funcs.swift in Sources */ = {isa = PBXBuildFile; fileRef = EE3E02451C6F0BBB0005FB64 /* graph view external funcs.swift */; };
		EE6AE2041C4B86F1001615DB /* libgmp.a in Frameworks */ = {isa = PBXBuildFile; fileRef = EE6AE2031C4B86F1001615DB /* libgmp.a */; };
		EE6AE2051C4B9304001615DB /* libgmp.a in Frameworks */ = {isa = PBXBuildFile; fileRef = EE6AE2031C4B86F1001615DB /* libgmp.a */; };
		EE85F74F1C67A7340027B1CD /* cConvenience.m in Sources */ = {isa = PBXBuildFile; fileRef = EE85F74E1C67A7340027B1CD /* cConvenience.m */; };
		EEAC76281C4C5297002463EF /* main.m in Sources */ = {isa = PBXBuildFile; fileRef = EEAC76271C4C5297002463EF /* main.m */; };
		EEAC762D1C4C5336002463EF /* DasFibonacciSequence.swift in Sources */ = {isa = PBXBuildFile; fileRef = 6B6E33D91A926AD500089FCA /* DasFibonacciSequence.swift */; };
		EEAC762E1C4C533A002463EF /* FibonnaciSequence as data Source.swift in Sources */ = {isa = PBXBuildFile; fileRef = EE0983721C4B22140070B7CE /* FibonnaciSequence as data Source.swift */; };
		EEAC762F1C4C533B002463EF /* FibonnaciSequence as data Source.swift in Sources */ = {isa = PBXBuildFile; fileRef = EE0983721C4B22140070B7CE /* FibonnaciSequence as data Source.swift */; };
		EEAC76341C4C5472002463EF /* orderHandling.swift in Sources */ = {isa = PBXBuildFile; fileRef = 6B11E4B21AC7342A00EDCC97 /* orderHandling.swift */; };
		EEAC76351C4C5473002463EF /* orderHandling.swift in Sources */ = {isa = PBXBuildFile; fileRef = 6B11E4B21AC7342A00EDCC97 /* orderHandling.swift */; };
		EEAC76361C4C5490002463EF /* libgmp.a in Frameworks */ = {isa = PBXBuildFile; fileRef = EE6AE2031C4B86F1001615DB /* libgmp.a */; };
/* End PBXBuildFile section */

/* Begin PBXContainerItemProxy section */
		6B6E33CA1A926A8800089FCA /* PBXContainerItemProxy */ = {
			isa = PBXContainerItemProxy;
			containerPortal = 6B6E33B11A926A8700089FCA /* Project object */;
			proxyType = 1;
			remoteGlobalIDString = 6B6E33B81A926A8700089FCA;
			remoteInfo = FibiPHI;
		};
/* End PBXContainerItemProxy section */

/* Begin PBXCopyFilesBuildPhase section */
		EEAC76231C4C5297002463EF /* CopyFiles */ = {
			isa = PBXCopyFilesBuildPhase;
			buildActionMask = 2147483647;
			dstPath = /usr/share/man/man1/;
			dstSubfolderSpec = 0;
			files = (
			);
			runOnlyForDeploymentPostprocessing = 1;
		};
/* End PBXCopyFilesBuildPhase section */

/* Begin PBXFileReference section */
		6B11E4B21AC7342A00EDCC97 /* orderHandling.swift */ = {isa = PBXFileReference; fileEncoding = 4; lastKnownFileType = sourcecode.swift; path = orderHandling.swift; sourceTree = "<group>"; };
		6B6E33B91A926A8800089FCA /* FibiPHI.app */ = {isa = PBXFileReference; explicitFileType = wrapper.application; includeInIndex = 0; path = FibiPHI.app; sourceTree = BUILT_PRODUCTS_DIR; };
		6B6E33BD1A926A8800089FCA /* Info.plist */ = {isa = PBXFileReference; lastKnownFileType = text.plist.xml; path = Info.plist; sourceTree = "<group>"; };
		6B6E33BE1A926A8800089FCA /* AppDelegate.swift */ = {isa = PBXFileReference; lastKnownFileType = sourcecode.swift; path = AppDelegate.swift; sourceTree = "<group>"; };
		6B6E33C01A926A8800089FCA /* Images.xcassets */ = {isa = PBXFileReference; lastKnownFileType = folder.assetcatalog; path = Images.xcassets; sourceTree = "<group>"; };
		6B6E33C31A926A8800089FCA /* Base */ = {isa = PBXFileReference; lastKnownFileType = file.xib; name = Base; path = Base.lproj/MainMenu.xib; sourceTree = "<group>"; };
		6B6E33C91A926A8800089FCA /* FibiPHITests.xctest */ = {isa = PBXFileReference; explicitFileType = wrapper.cfbundle; includeInIndex = 0; path = FibiPHITests.xctest; sourceTree = BUILT_PRODUCTS_DIR; };
		6B6E33CE1A926A8800089FCA /* Info.plist */ = {isa = PBXFileReference; lastKnownFileType = text.plist.xml; path = Info.plist; sourceTree = "<group>"; };
		6B6E33CF1A926A8800089FCA /* FibiPHITests.swift */ = {isa = PBXFileReference; lastKnownFileType = sourcecode.swift; path = FibiPHITests.swift; sourceTree = "<group>"; };
		6B6E33D91A926AD500089FCA /* DasFibonacciSequence.swift */ = {isa = PBXFileReference; fileEncoding = 4; lastKnownFileType = sourcecode.swift; path = DasFibonacciSequence.swift; sourceTree = "<group>"; };
		6B6E33DB1A926B3300089FCA /* DasFibGraphView.swift */ = {isa = PBXFileReference; fileEncoding = 4; lastKnownFileType = sourcecode.swift; name = DasFibGraphView.swift; path = ../DasFibGraphView.swift; sourceTree = "<group>"; };
		EE0983721C4B22140070B7CE /* FibonnaciSequence as data Source.swift */ = {isa = PBXFileReference; fileEncoding = 4; lastKnownFileType = sourcecode.swift; path = "FibonnaciSequence as data Source.swift"; sourceTree = "<group>"; };
		EE1CD9821C6FBA440060E27C /* docs */ = {isa = PBXFileReference; lastKnownFileType = folder; path = docs; sourceTree = "<group>"; };
		EE3E02451C6F0BBB0005FB64 /* graph view external funcs.swift */ = {isa = PBXFileReference; fileEncoding = 4; lastKnownFileType = sourcecode.swift; path = "graph view external funcs.swift"; sourceTree = "<group>"; };
		EE5CADEF1C4B259F00732FBE /* fibIdeas.playground */ = {isa = PBXFileReference; lastKnownFileType = file.playground; path = fibIdeas.playground; sourceTree = SOURCE_ROOT; };
		EE6AE1FB1C4B8326001615DB /* FibiPHI-Bridging-Header.h */ = {isa = PBXFileReference; lastKnownFileType = sourcecode.c.h; path = "FibiPHI-Bridging-Header.h"; sourceTree = "<group>"; };
		EE6AE2031C4B86F1001615DB /* libgmp.a */ = {isa = PBXFileReference; lastKnownFileType = archive.ar; name = libgmp.a; path = /usr/local/lib/libgmp.a; sourceTree = "<absolute>"; };
		EE85F74E1C67A7340027B1CD /* cConvenience.m */ = {isa = PBXFileReference; fileEncoding = 4; lastKnownFileType = sourcecode.c.objc; path = cConvenience.m; sourceTree = "<group>"; };
		EE85F7501C67A74A0027B1CD /* cConvenience.h */ = {isa = PBXFileReference; fileEncoding = 4; lastKnownFileType = sourcecode.c.h; path = cConvenience.h; sourceTree = "<group>"; };
		EEAC76251C4C5297002463EF /* numberExplor */ = {isa = PBXFileReference; explicitFileType = "compiled.mach-o.executable"; includeInIndex = 0; path = numberExplor; sourceTree = BUILT_PRODUCTS_DIR; };
		EEAC76271C4C5297002463EF /* main.m */ = {isa = PBXFileReference; lastKnownFileType = sourcecode.c.objc; path = main.m; sourceTree = "<group>"; };
/* End PBXFileReference section */

/* Begin PBXFrameworksBuildPhase section */
		6B6E33B61A926A8700089FCA /* Frameworks */ = {
			isa = PBXFrameworksBuildPhase;
			buildActionMask = 2147483647;
			files = (
				EE6AE2041C4B86F1001615DB /* libgmp.a in Frameworks */,
			);
			runOnlyForDeploymentPostprocessing = 0;
		};
		6B6E33C61A926A8800089FCA /* Frameworks */ = {
			isa = PBXFrameworksBuildPhase;
			buildActionMask = 2147483647;
			files = (
				EE6AE2051C4B9304001615DB /* libgmp.a in Frameworks */,
			);
			runOnlyForDeploymentPostprocessing = 0;
		};
		EEAC76221C4C5297002463EF /* Frameworks */ = {
			isa = PBXFrameworksBuildPhase;
			buildActionMask = 2147483647;
			files = (
				EEAC76361C4C5490002463EF /* libgmp.a in Frameworks */,
			);
			runOnlyForDeploymentPostprocessing = 0;
		};
/* End PBXFrameworksBuildPhase section */

/* Begin PBXGroup section */
		6B6E33B01A926A8700089FCA = {
			isa = PBXGroup;
			children = (
				EE85F74E1C67A7340027B1CD /* cConvenience.m */,
				EE85F7501C67A74A0027B1CD /* cConvenience.h */,
				6B6E33D91A926AD500089FCA /* DasFibonacciSequence.swift */,
				EE0983721C4B22140070B7CE /* FibonnaciSequence as data Source.swift */,
				6B6E33BB1A926A8800089FCA /* FibiPHI */,
				6B6E33CC1A926A8800089FCA /* FibiPHITests */,
				EEAC76261C4C5297002463EF /* numberExplor */,
				EEAC762C1C4C52DE002463EF /* special */,
				6B6E33BA1A926A8800089FCA /* Products */,
				EE1CD9821C6FBA440060E27C /* docs */,
			);
			sourceTree = "<group>";
		};
		6B6E33BA1A926A8800089FCA /* Products */ = {
			isa = PBXGroup;
			children = (
				6B6E33B91A926A8800089FCA /* FibiPHI.app */,
				6B6E33C91A926A8800089FCA /* FibiPHITests.xctest */,
				EEAC76251C4C5297002463EF /* numberExplor */,
			);
			name = Products;
			sourceTree = "<group>";
		};
		6B6E33BB1A926A8800089FCA /* FibiPHI */ = {
			isa = PBXGroup;
			children = (
				6B11E4B21AC7342A00EDCC97 /* orderHandling.swift */,
				6B6E33DB1A926B3300089FCA /* DasFibGraphView.swift */,
				EE3E02451C6F0BBB0005FB64 /* graph view external funcs.swift */,
				6B6E33BE1A926A8800089FCA /* AppDelegate.swift */,
				6B6E33C01A926A8800089FCA /* Images.xcassets */,
				6B6E33C21A926A8800089FCA /* MainMenu.xib */,
				6B6E33BC1A926A8800089FCA /* Supporting Files */,
			);
			path = FibiPHI;
			sourceTree = "<group>";
		};
		6B6E33BC1A926A8800089FCA /* Supporting Files */ = {
			isa = PBXGroup;
			children = (
				6B6E33BD1A926A8800089FCA /* Info.plist */,
			);
			name = "Supporting Files";
			sourceTree = "<group>";
		};
		6B6E33CC1A926A8800089FCA /* FibiPHITests */ = {
			isa = PBXGroup;
			children = (
				6B6E33CF1A926A8800089FCA /* FibiPHITests.swift */,
				6B6E33CD1A926A8800089FCA /* Supporting Files */,
			);
			path = FibiPHITests;
			sourceTree = "<group>";
		};
		6B6E33CD1A926A8800089FCA /* Supporting Files */ = {
			isa = PBXGroup;
			children = (
				6B6E33CE1A926A8800089FCA /* Info.plist */,
			);
			name = "Supporting Files";
			sourceTree = "<group>";
		};
		EEAC76261C4C5297002463EF /* numberExplor */ = {
			isa = PBXGroup;
			children = (
				EEAC76271C4C5297002463EF /* main.m */,
			);
			path = numberExplor;
			sourceTree = "<group>";
		};
		EEAC762C1C4C52DE002463EF /* special */ = {
			isa = PBXGroup;
			children = (
				EE6AE1FB1C4B8326001615DB /* FibiPHI-Bridging-Header.h */,
				EE6AE2031C4B86F1001615DB /* libgmp.a */,
				EE5CADEF1C4B259F00732FBE /* fibIdeas.playground */,
			);
			name = special;
			sourceTree = "<group>";
		};
/* End PBXGroup section */

/* Begin PBXNativeTarget section */
		6B6E33B81A926A8700089FCA /* FibiPHI */ = {
			isa = PBXNativeTarget;
			buildConfigurationList = 6B6E33D31A926A8800089FCA /* Build configuration list for PBXNativeTarget "FibiPHI" */;
			buildPhases = (
				6B6E33B51A926A8700089FCA /* Sources */,
				6B6E33B61A926A8700089FCA /* Frameworks */,
				6B6E33B71A926A8700089FCA /* Resources */,
				EEEFABFD1C7160D600BF0758 /* ShellScript */,
			);
			buildRules = (
			);
			dependencies = (
			);
			name = FibiPHI;
			productName = FibiPHI;
			productReference = 6B6E33B91A926A8800089FCA /* FibiPHI.app */;
			productType = "com.apple.product-type.application";
		};
		6B6E33C81A926A8800089FCA /* FibiPHITests */ = {
			isa = PBXNativeTarget;
			buildConfigurationList = 6B6E33D61A926A8800089FCA /* Build configuration list for PBXNativeTarget "FibiPHITests" */;
			buildPhases = (
				6B6E33C51A926A8800089FCA /* Sources */,
				6B6E33C61A926A8800089FCA /* Frameworks */,
				6B6E33C71A926A8800089FCA /* Resources */,
			);
			buildRules = (
			);
			dependencies = (
				6B6E33CB1A926A8800089FCA /* PBXTargetDependency */,
			);
			name = FibiPHITests;
			productName = FibiPHITests;
			productReference = 6B6E33C91A926A8800089FCA /* FibiPHITests.xctest */;
			productType = "com.apple.product-type.bundle.unit-test";
		};
		EEAC76241C4C5297002463EF /* numberExplor */ = {
			isa = PBXNativeTarget;
			buildConfigurationList = EEAC762B1C4C5297002463EF /* Build configuration list for PBXNativeTarget "numberExplor" */;
			buildPhases = (
				EEAC76211C4C5297002463EF /* Sources */,
				EEAC76221C4C5297002463EF /* Frameworks */,
				EEAC76231C4C5297002463EF /* CopyFiles */,
			);
			buildRules = (
			);
			dependencies = (
			);
			name = numberExplor;
			productName = numberExplor;
			productReference = EEAC76251C4C5297002463EF /* numberExplor */;
			productType = "com.apple.product-type.tool";
		};
/* End PBXNativeTarget section */

/* Begin PBXProject section */
		6B6E33B11A926A8700089FCA /* Project object */ = {
			isa = PBXProject;
			attributes = {
				LastSwiftMigration = 0720;
				LastSwiftUpdateCheck = 0720;
				LastUpgradeCheck = 0720;
				ORGANIZATIONNAME = "Obsidian Design";
				TargetAttributes = {
					6B6E33B81A926A8700089FCA = {
						CreatedOnToolsVersion = 6.1.1;
					};
					6B6E33C81A926A8800089FCA = {
						CreatedOnToolsVersion = 6.1.1;
						TestTargetID = 6B6E33B81A926A8700089FCA;
					};
					EEAC76241C4C5297002463EF = {
						CreatedOnToolsVersion = 7.2;
					};
				};
			};
			buildConfigurationList = 6B6E33B41A926A8700089FCA /* Build configuration list for PBXProject "FibiPHI" */;
			compatibilityVersion = "Xcode 3.2";
			developmentRegion = English;
			hasScannedForEncodings = 0;
			knownRegions = (
				en,
				Base,
			);
			mainGroup = 6B6E33B01A926A8700089FCA;
			productRefGroup = 6B6E33BA1A926A8800089FCA /* Products */;
			projectDirPath = "";
			projectRoot = "";
			targets = (
				6B6E33B81A926A8700089FCA /* FibiPHI */,
				6B6E33C81A926A8800089FCA /* FibiPHITests */,
				EEAC76241C4C5297002463EF /* numberExplor */,
			);
		};
/* End PBXProject section */

/* Begin PBXResourcesBuildPhase section */
		6B6E33B71A926A8700089FCA /* Resources */ = {
			isa = PBXResourcesBuildPhase;
			buildActionMask = 2147483647;
			files = (
				EE1CD9831C6FBA440060E27C /* docs in Resources */,
				6B6E33C11A926A8800089FCA /* Images.xcassets in Resources */,
				6B6E33C41A926A8800089FCA /* MainMenu.xib in Resources */,
			);
			runOnlyForDeploymentPostprocessing = 0;
		};
		6B6E33C71A926A8800089FCA /* Resources */ = {
			isa = PBXResourcesBuildPhase;
			buildActionMask = 2147483647;
			files = (
			);
			runOnlyForDeploymentPostprocessing = 0;
		};
/* End PBXResourcesBuildPhase section */

/* Begin PBXShellScriptBuildPhase section */
		EEEFABFD1C7160D600BF0758 /* ShellScript */ = {
			isa = PBXShellScriptBuildPhase;
			buildActionMask = 8;
			files = (
			);
			inputPaths = (
			);
			outputPaths = (
			);
			runOnlyForDeploymentPostprocessing = 1;
			shellPath = /bin/sh;
			shellScript = "jazzy --min-acl internal";
		};
/* End PBXShellScriptBuildPhase section */

/* Begin PBXSourcesBuildPhase section */
		6B6E33B51A926A8700089FCA /* Sources */ = {
			isa = PBXSourcesBuildPhase;
			buildActionMask = 2147483647;
			files = (
				EE3E02461C6F0BBB0005FB64 /* graph view external funcs.swift in Sources */,
				6B6E33DA1A926AD500089FCA /* DasFibonacciSequence.swift in Sources */,
				6B6E33DC1A926B3300089FCA /* DasFibGraphView.swift in Sources */,
				6B6E33BF1A926A8800089FCA /* AppDelegate.swift in Sources */,
				EE85F74F1C67A7340027B1CD /* cConvenience.m in Sources */,
				EE0983731C4B22140070B7CE /* FibonnaciSequence as data Source.swift in Sources */,
				6B11E4B31AC7342A00EDCC97 /* orderHandling.swift in Sources */,
			);
			runOnlyForDeploymentPostprocessing = 0;
		};
		6B6E33C51A926A8800089FCA /* Sources */ = {
			isa = PBXSourcesBuildPhase;
			buildActionMask = 2147483647;
			files = (
				EE0983741C4B246D0070B7CE /* DasFibonacciSequence.swift in Sources */,
				6B6E33D01A926A8800089FCA /* FibiPHITests.swift in Sources */,
				EEAC762E1C4C533A002463EF /* FibonnaciSequence as data Source.swift in Sources */,
				EEAC76351C4C5473002463EF /* orderHandling.swift in Sources */,
			);
			runOnlyForDeploymentPostprocessing = 0;
		};
		EEAC76211C4C5297002463EF /* Sources */ = {
			isa = PBXSourcesBuildPhase;
			buildActionMask = 2147483647;
			files = (
				EEAC762D1C4C5336002463EF /* DasFibonacciSequence.swift in Sources */,
				EEAC76281C4C5297002463EF /* main.m in Sources */,
				EEAC762F1C4C533B002463EF /* FibonnaciSequence as data Source.swift in Sources */,
				EEAC76341C4C5472002463EF /* orderHandling.swift in Sources */,
			);
			runOnlyForDeploymentPostprocessing = 0;
		};
/* End PBXSourcesBuildPhase section */

/* Begin PBXTargetDependency section */
		6B6E33CB1A926A8800089FCA /* PBXTargetDependency */ = {
			isa = PBXTargetDependency;
			target = 6B6E33B81A926A8700089FCA /* FibiPHI */;
			targetProxy = 6B6E33CA1A926A8800089FCA /* PBXContainerItemProxy */;
		};
/* End PBXTargetDependency section */

/* Begin PBXVariantGroup section */
		6B6E33C21A926A8800089FCA /* MainMenu.xib */ = {
			isa = PBXVariantGroup;
			children = (
				6B6E33C31A926A8800089FCA /* Base */,
			);
			name = MainMenu.xib;
			sourceTree = "<group>";
		};
/* End PBXVariantGroup section */

/* Begin XCBuildConfiguration section */
		6B6E33D11A926A8800089FCA /* Debug */ = {
			isa = XCBuildConfiguration;
			buildSettings = {
				ALWAYS_SEARCH_USER_PATHS = NO;
				CLANG_CXX_LANGUAGE_STANDARD = "gnu++0x";
				CLANG_CXX_LIBRARY = "libc++";
				CLANG_ENABLE_MODULES = YES;
				CLANG_ENABLE_OBJC_ARC = YES;
				CLANG_WARN_BOOL_CONVERSION = YES;
				CLANG_WARN_CONSTANT_CONVERSION = YES;
				CLANG_WARN_DIRECT_OBJC_ISA_USAGE = YES_ERROR;
				CLANG_WARN_EMPTY_BODY = YES;
				CLANG_WARN_ENUM_CONVERSION = YES;
				CLANG_WARN_INT_CONVERSION = YES;
				CLANG_WARN_OBJC_ROOT_CLASS = YES_ERROR;
				CLANG_WARN_UNREACHABLE_CODE = YES;
				CLANG_WARN__DUPLICATE_METHOD_MATCH = YES;
				CODE_SIGN_IDENTITY = "-";
				COPY_PHASE_STRIP = NO;
				DEFINES_MODULE = YES;
				ENABLE_STRICT_OBJC_MSGSEND = YES;
				ENABLE_TESTABILITY = YES;
				GCC_C_LANGUAGE_STANDARD = gnu99;
				GCC_DYNAMIC_NO_PIC = NO;
				GCC_OPTIMIZATION_LEVEL = 0;
				GCC_PREPROCESSOR_DEFINITIONS = (
					"DEBUG=1",
					"$(inherited)",
				);
				GCC_SYMBOLS_PRIVATE_EXTERN = NO;
				GCC_WARN_64_TO_32_BIT_CONVERSION = YES;
				GCC_WARN_ABOUT_RETURN_TYPE = YES_ERROR;
				GCC_WARN_UNDECLARED_SELECTOR = YES;
				GCC_WARN_UNINITIALIZED_AUTOS = YES_AGGRESSIVE;
				GCC_WARN_UNUSED_FUNCTION = YES;
				GCC_WARN_UNUSED_VARIABLE = YES;
				MACOSX_DEPLOYMENT_TARGET = 10.10;
				MTL_ENABLE_DEBUG_INFO = YES;
				ONLY_ACTIVE_ARCH = YES;
				PRODUCT_MODULE_NAME = "$(PRODUCT_MODULE_NAME:c99intentifier)";
				SDKROOT = macosx;
				SWIFT_OPTIMIZATION_LEVEL = "-Onone";
			};
			name = Debug;
		};
		6B6E33D21A926A8800089FCA /* Release */ = {
			isa = XCBuildConfiguration;
			buildSettings = {
				ALWAYS_SEARCH_USER_PATHS = NO;
				CLANG_CXX_LANGUAGE_STANDARD = "gnu++0x";
				CLANG_CXX_LIBRARY = "libc++";
				CLANG_ENABLE_MODULES = YES;
				CLANG_ENABLE_OBJC_ARC = YES;
				CLANG_WARN_BOOL_CONVERSION = YES;
				CLANG_WARN_CONSTANT_CONVERSION = YES;
				CLANG_WARN_DIRECT_OBJC_ISA_USAGE = YES_ERROR;
				CLANG_WARN_EMPTY_BODY = YES;
				CLANG_WARN_ENUM_CONVERSION = YES;
				CLANG_WARN_INT_CONVERSION = YES;
				CLANG_WARN_OBJC_ROOT_CLASS = YES_ERROR;
				CLANG_WARN_UNREACHABLE_CODE = YES;
				CLANG_WARN__DUPLICATE_METHOD_MATCH = YES;
				CODE_SIGN_IDENTITY = "-";
				COPY_PHASE_STRIP = YES;
				DEBUG_INFORMATION_FORMAT = "dwarf-with-dsym";
				DEFINES_MODULE = YES;
				ENABLE_NS_ASSERTIONS = NO;
				ENABLE_STRICT_OBJC_MSGSEND = YES;
				GCC_C_LANGUAGE_STANDARD = gnu99;
				GCC_WARN_64_TO_32_BIT_CONVERSION = YES;
				GCC_WARN_ABOUT_RETURN_TYPE = YES_ERROR;
				GCC_WARN_UNDECLARED_SELECTOR = YES;
				GCC_WARN_UNINITIALIZED_AUTOS = YES_AGGRESSIVE;
				GCC_WARN_UNUSED_FUNCTION = YES;
				GCC_WARN_UNUSED_VARIABLE = YES;
				MACOSX_DEPLOYMENT_TARGET = 10.10;
				MTL_ENABLE_DEBUG_INFO = NO;
				ONLY_ACTIVE_ARCH = YES;
				PRODUCT_MODULE_NAME = "$(PRODUCT_MODULE_NAME:c99intentifier)";
				SDKROOT = macosx;
			};
			name = Release;
		};
		6B6E33D41A926A8800089FCA /* Debug */ = {
			isa = XCBuildConfiguration;
			buildSettings = {
				ALWAYS_SEARCH_USER_PATHS = YES;
				ASSETCATALOG_COMPILER_APPICON_NAME = AppIcon;
				CLANG_ENABLE_MODULES = YES;
				COMBINE_HIDPI_IMAGES = YES;
				FRAMEWORK_SEARCH_PATHS = (
					"$(inherited)",
					"$(PROJECT_DIR)",
				);
				HEADER_SEARCH_PATHS = /usr/local/include;
				INFOPLIST_FILE = FibiPHI/Info.plist;
				LD_RUNPATH_SEARCH_PATHS = "$(inherited) @executable_path/../Frameworks";
				LIBRARY_SEARCH_PATHS = /usr/local/lib;
				MACOSX_DEPLOYMENT_TARGET = 10.10;
				PRODUCT_BUNDLE_IDENTIFIER = "com.obsidian.net.$(PRODUCT_NAME:rfc1034identifier)";
				PRODUCT_NAME = "$(TARGET_NAME)";
				SDKROOT = macosx;
				SWIFT_OBJC_BRIDGING_HEADER = "FibiPHI-Bridging-Header.h";
				SWIFT_OPTIMIZATION_LEVEL = "-Onone";
			};
			name = Debug;
		};
		6B6E33D51A926A8800089FCA /* Release */ = {
			isa = XCBuildConfiguration;
			buildSettings = {
				ALWAYS_SEARCH_USER_PATHS = YES;
				ASSETCATALOG_COMPILER_APPICON_NAME = AppIcon;
				CLANG_ENABLE_MODULES = YES;
				COMBINE_HIDPI_IMAGES = YES;
				FRAMEWORK_SEARCH_PATHS = (
					"$(inherited)",
					"$(PROJECT_DIR)",
				);
				HEADER_SEARCH_PATHS = /usr/local/include;
				INFOPLIST_FILE = FibiPHI/Info.plist;
				LD_RUNPATH_SEARCH_PATHS = "$(inherited) @executable_path/../Frameworks";
				LIBRARY_SEARCH_PATHS = /usr/local/lib;
				MACOSX_DEPLOYMENT_TARGET = 10.10;
				PRODUCT_BUNDLE_IDENTIFIER = "com.obsidian.net.$(PRODUCT_NAME:rfc1034identifier)";
				PRODUCT_NAME = "$(TARGET_NAME)";
				SDKROOT = macosx;
				SWIFT_OBJC_BRIDGING_HEADER = "FibiPHI-Bridging-Header.h";
			};
			name = Release;
		};
		6B6E33D71A926A8800089FCA /* Debug */ = {
			isa = XCBuildConfiguration;
			buildSettings = {
				BUNDLE_LOADER = "$(TEST_HOST)";
				COMBINE_HIDPI_IMAGES = YES;
				FRAMEWORK_SEARCH_PATHS = (
					"$(DEVELOPER_FRAMEWORKS_DIR)",
					"$(inherited)",
				);
				GCC_PREPROCESSOR_DEFINITIONS = (
					"DEBUG=1",
					"$(inherited)",
				);
				HEADER_SEARCH_PATHS = /usr/local/include;
				INFOPLIST_FILE = FibiPHITests/Info.plist;
				LD_RUNPATH_SEARCH_PATHS = "$(inherited) @executable_path/../Frameworks @loader_path/../Frameworks";
				LIBRARY_SEARCH_PATHS = /usr/local/lib;
				PRODUCT_BUNDLE_IDENTIFIER = "com.obsidian.net.$(PRODUCT_NAME:rfc1034identifier)";
				PRODUCT_NAME = "$(TARGET_NAME)";
				SWIFT_OBJC_BRIDGING_HEADER = "FibiPHI-Bridging-Header.h";
				TEST_HOST = "$(BUILT_PRODUCTS_DIR)/FibiPHI.app/Contents/MacOS/FibiPHI";
			};
			name = Debug;
		};
		6B6E33D81A926A8800089FCA /* Release */ = {
			isa = XCBuildConfiguration;
			buildSettings = {
				BUNDLE_LOADER = "$(TEST_HOST)";
				COMBINE_HIDPI_IMAGES = YES;
				FRAMEWORK_SEARCH_PATHS = (
					"$(DEVELOPER_FRAMEWORKS_DIR)",
					"$(inherited)",
				);
				HEADER_SEARCH_PATHS = /usr/local/include;
				INFOPLIST_FILE = FibiPHITests/Info.plist;
				LD_RUNPATH_SEARCH_PATHS = "$(inherited) @executable_path/../Frameworks @loader_path/../Frameworks";
				LIBRARY_SEARCH_PATHS = /usr/local/lib;
				PRODUCT_BUNDLE_IDENTIFIER = "com.obsidian.net.$(PRODUCT_NAME:rfc1034identifier)";
				PRODUCT_NAME = "$(TARGET_NAME)";
				SWIFT_OBJC_BRIDGING_HEADER = "FibiPHI-Bridging-Header.h";
				TEST_HOST = "$(BUILT_PRODUCTS_DIR)/FibiPHI.app/Contents/MacOS/FibiPHI";
			};
			name = Release;
		};
		EEAC76291C4C5297002463EF /* Debug */ = {
			isa = XCBuildConfiguration;
			buildSettings = {
				DEBUG_INFORMATION_FORMAT = dwarf;
				ENABLE_TESTABILITY = YES;
				GCC_NO_COMMON_BLOCKS = YES;
				HEADER_SEARCH_PATHS = /usr/local/include;
				LIBRARY_SEARCH_PATHS = /usr/local/lib;
				MACOSX_DEPLOYMENT_TARGET = 10.11;
				PRODUCT_NAME = "$(TARGET_NAME)";
				SWIFT_OBJC_BRIDGING_HEADER = "FibiPHI-Bridging-Header.h";
			};
			name = Debug;
		};
		EEAC762A1C4C5297002463EF /* Release */ = {
			isa = XCBuildConfiguration;
			buildSettings = {
				COPY_PHASE_STRIP = NO;
				GCC_NO_COMMON_BLOCKS = YES;
				HEADER_SEARCH_PATHS = /usr/local/include;
				LIBRARY_SEARCH_PATHS = /usr/local/lib;
				MACOSX_DEPLOYMENT_TARGET = 10.11;
				PRODUCT_NAME = "$(TARGET_NAME)";
				SWIFT_OBJC_BRIDGING_HEADER = "FibiPHI-Bridging-Header.h";
			};
			name = Release;
		};
/* End XCBuildConfiguration section */

/* Begin XCConfigurationList section */
		6B6E33B41A926A8700089FCA /* Build configuration list for PBXProject "FibiPHI" */ = {
			isa = XCConfigurationList;
			buildConfigurations = (
				6B6E33D11A926A8800089FCA /* Debug */,
				6B6E33D21A926A8800089FCA /* Release */,
			);
			defaultConfigurationIsVisible = 0;
			defaultConfigurationName = Release;
		};
		6B6E33D31A926A8800089FCA /* Build configuration list for PBXNativeTarget "FibiPHI" */ = {
			isa = XCConfigurationList;
			buildConfigurations = (
				6B6E33D41A926A8800089FCA /* Debug */,
				6B6E33D51A926A8800089FCA /* Release */,
			);
			defaultConfigurationIsVisible = 0;
			defaultConfigurationName = Release;
		};
		6B6E33D61A926A8800089FCA /* Build configuration list for PBXNativeTarget "FibiPHITests" */ = {
			isa = XCConfigurationList;
			buildConfigurations = (
				6B6E33D71A926A8800089FCA /* Debug */,
				6B6E33D81A926A8800089FCA /* Release */,
			);
			defaultConfigurationIsVisible = 0;
			defaultConfigurationName = Release;
		};
		EEAC762B1C4C5297002463EF /* Build configuration list for PBXNativeTarget "numberExplor" */ = {
			isa = XCConfigurationList;
			buildConfigurations = (
				EEAC76291C4C5297002463EF /* Debug */,
				EEAC762A1C4C5297002463EF /* Release */,
			);
			defaultConfigurationIsVisible = 0;
			defaultConfigurationName = Release;
		};
/* End XCConfigurationList section */
	};
	rootObject = 6B6E33B11A926A8700089FCA /* Project object */;
}
